{
    "_meta": {
        "hash": {
            "sha256": "75b2e9afac06c7043e6ef2277e69001113c631a7f4a1d9aed4a6e7543143cd03"
        },
        "pipfile-spec": 6,
        "requires": {
            "python_version": "3.6"
        },
        "sources": [
            {
                "name": "pypi",
                "url": "https://pypi.org/simple",
                "verify_ssl": true
            }
        ]
    },
    "default": {
        "dependency-injector": {
            "hashes": [
                "sha256:027d894b81a1390a360c4df483f2f90b31c0412c173a8b90c9607f5dd337eaea",
                "sha256:05f69a9439fd3ce3c981df8cd1458b47fcea84476c7a758fcd8f4a589ff37f29",
                "sha256:06ee13b2a92b24d66a1762bfa6ef68839129ef8bbef3daf8afb764b3a4413593",
                "sha256:085ff3acf3e177bf3cc02ccdb2f90ab041f8ae8684db891b9ca481d905b53d39",
                "sha256:0c643784ba3639f722fe0863353ea8e4e52abcb9911b651ad5dead59b2f4e0df",
                "sha256:0e5d00948f777e26433d840ca857d81214e0a2140bc3b062bbfa09ebaf943385",
                "sha256:132869ac5182b1c3041a0bc8d944a52c8133a001eb5c588a6289d0d2a7ea0215",
                "sha256:14da54de447f143682416411bad76b974db6b333b9cc5534c12c8a970fe2f07b",
                "sha256:154d4a3cf31e7f050efd11aa20863b9e21d1030b0bb701f5749a22ace831e709",
                "sha256:1bb145003cecefc99569dd691048a655c9eb47b8e6164cbba650e5a6bf9cbb49",
                "sha256:1bfb94c5f933fa92555a9d14b742895fd82bbdd5cf1ab91364d8e53bd49d8cf0",
                "sha256:1ea3b1417d765cd73fc344c3acf7ba45662b6afae85604ed6ccad71a9aec5df1",
                "sha256:2a05b46f1c1022b99ac8ec0c7f266e459c05fb312b6251034442ae9f9b72298f",
                "sha256:2ddd66093a61dc5be94a976ce0d3f5402e8abe17b7280c7cbc449e5bf863ecc0",
                "sha256:2f0e3298a1323ce2c10786811261837ea6d061bcee307d01d2c9945e64005895",
                "sha256:313011fdc5c96d9de6ba04544ca90f89b31ea9cbbf4961e6011c2987e3b55d0e",
                "sha256:33ee3a251805913e8986f7b3a0357859b692f82e48f7b6cd6c340e5395fdaf97",
                "sha256:3415456430ebcfe89c7baaa035450d3591e7597caaba8a71fc50a03fdfedcf5c",
                "sha256:3ffa1c77f88cf1b4728ec6e137f1103b1d195c3c6b26c0edab7a0a1a8a7922ac",
                "sha256:41cf8289e339869d966d7b71bda156d54c73f45ff4d4155bc9a82f8a8a5ed489",
                "sha256:471771236fd7756b12882c3ad9c27ebd2814f0ddde8cfe62579f7e9e77fe3528",
                "sha256:52b11724647e3ed821615d22fb2b3d04bb2e9d58c18b8a2da0e5505ed183a24c",
                "sha256:53997b3102b71e619f09f825c9fb8d71836973245c0f69c4f76b2cf68910f2c8",
                "sha256:587dcb3733a04f88189df01cb36ba638ebfab7480bffe54b4eea2cdc5d480726",
                "sha256:5b69f63820a501d2ccf18cac97ca82c6411335bb23d7c900b521b54e3c3f2905",
                "sha256:63ec7b187ee6e12e279fd55b8f315e85e9f0c25e79f55c0c8782fe657b63fdf3",
                "sha256:66ecb9c9824d61e18fb668aaaf12af85e5d77738a79ef2182751978e12e49582",
                "sha256:6fc3f32ad09a9766f052f2f6bce076d67442b1053c085d068e865799a9245522",
                "sha256:743a2dfef964dd87c7e86896e99926c7d78ba20bc85277926f44e5093005402d",
                "sha256:80efa046792bdad48dad7f80662e2b272373272937c82c227c23352ba33e3d2a",
                "sha256:9268c657aa39d60c4f2547726c7331eb1b49cc49097e2a7adf06ee4f1ef892a9",
                "sha256:9476d68867c010894e55c25fc2c41d1bb2201e2addb4c89a960257714ab4dfae",
                "sha256:95a7fa0c35561c765cdc2b222754d991ca529b02930542cc63242538de2311a3",
                "sha256:95c45e5773272c7738f2b67db1fbfa0bbb81b1ec536c6d2a9303b31ca40152a8",
                "sha256:9630f9f8a3fb659c25eb661c172c73b7586e122bdee62c46717b64da1394b133",
                "sha256:9ae6d58b41f3b4a979a06e17abb5604becbf624675fd990c6c3284c1ef86366e",
                "sha256:9ca57071ca02c732136714a2d1f11e1b9e14b355182530f5c5e1d15218e5a584",
                "sha256:a2a1e56b8603e8049e989ca5ccd0975a080bba6f6d9251747f3eb4c159f51993",
                "sha256:a82f03e3e8c4a85680b2c663dc1d788bb37126146839326cc94de5fb5028d006",
                "sha256:a9475fb82275498c5f76152ba19024571cd428face3c2c9bbc26b91198fd8ea2",
                "sha256:a9e871c396d434ca45db7b1a13df02d5ade1903ba8dc7c1a97bef37e4baf3c62",
                "sha256:b2350e383c26cab5d8509ec90d36cc2e794e1a623f608fcbcd85bccfc102061b",
                "sha256:b27f882807cfd1cf5d89460d29610c0321ea3f54585b90d9d0ceb8ebc1c1ae1e",
                "sha256:bbc0f74b96c89502fbeab022e1bbee1f70b61bbacef4085510da05048e961fb1",
                "sha256:bc7f85df4197c01683dc5e04653bc6f13d99b8cdc27b9fcf224ec65ceca2bac0",
                "sha256:c50747d6a77a5f2ab1c2e7ffedb1abfdd75ab8036c3d25f023d9060071b8d149",
                "sha256:ca02bcf2a87a10a4c93d3cb4fc908592da97a18c406f2331902983ed92c9dc82",
                "sha256:cccadb5b5bd9cf8babacbc3b45177e2307e56d5362314ce1662e0dca14d1e90f",
                "sha256:d734a1f8de36b6cfda6f2a9b1e9df384fe330cc1efcbfd77c0c89e5d6078eae9",
                "sha256:d7fb808a8c67674dd3d2206b5ddb343ea22849f22b75a8df2a95a655c0730d7a",
                "sha256:d91549f9352bdb6c2cd4bc439b0b25ea71986841cce0472ced635a9a569ae4bb",
                "sha256:dea4414145248d950ac727b4250734d3f20566c3e34683452b88cae3f9980793",
                "sha256:e5f2e4f000d34d5664396eaa4ca0fde02d8771f527f44b37877b1d8ea3c3d02f",
                "sha256:e6aa2e761396ec248effa05b4574268cd750530b8b91bbf52143eace0ba5ce37",
                "sha256:e95881be16b2276592737c5929d4e369585c321b43efb599d6e784cbad312ddf",
                "sha256:eb20d033c88f4b54f6dc69d3d6c9618d44da52a71a6df8e13ba6f324647298c9",
                "sha256:eb99cae5bd94e875088ccf20663a58e15b9401e325bc04f7021825dec64b76ce",
                "sha256:ec3969a4fe51bcd9785948aa6c4322b9a1f3ceb80f8713f79887375d4e3c9eae",
                "sha256:f09f282491827651a08e1868575a8f18f48289470bbb9d175f485cf76cabbc7a",
                "sha256:f0bf6dbf6c8d3507d8bc991786dfdabf196e32a4c9f13c313f7fd118f2626fc5",
                "sha256:f3ffe847f11cd068d72a07f6ef51fc2c401a6f35f33ca2c29afe592ba7f60b01",
                "sha256:f6f958f069c0a3d334e7b1b77530f4e6c1518f560fae44bf3e427669a0c7c1c4"
            ],
            "index": "pypi",
            "version": "==4.34.0"
        },
        "pygame": {
            "hashes": [
                "sha256:0571dde0277483f5060c8ee43cbfd8df5776b12505e3948eee241c8ce9b93371",
                "sha256:07ed57062be4bb9741f57dab1751d95574c091c9958ed7e39cdb246d50903283",
                "sha256:107d5f82f471baee4b9522a691cb320dd52dbf329ed7a0e9ab25f75cd3caf890",
                "sha256:10ca736eecedadf492ba1191f9fa3a5e6f30db2b9f8882b3ee7706d5a89c14e0",
                "sha256:19357c826ab94f9ae5b4ec5cb752cc806cfc29ea32cf7bdaacb65fa2615607e8",
                "sha256:21475405bcdeb20b8a796a3da6704ebb816e06b29749dd64ff619e80816b7932",
                "sha256:2d9b0a66034fed390ee367a549435853502c9d4fe82ac0fa3a520f0ad5648e6e",
                "sha256:30eb5c7adb0b3362024cec2c461be6978fbfc99c3bca974e438b1b540cd09438",
                "sha256:3270cbcff40ca2b5622a145346298a33285c91b6d50097e0b85123d9a2bc7c9b",
                "sha256:328d70d40bc9a6defb9f330f5e7f3d0726af1e7c2308ebca582e69480db2950d",
                "sha256:3b31d088129977885f72037c55cfa1140e9bcf3468e68b46141f6cc2b33d456b",
                "sha256:3c2676b4fd278d632037eacd3b0524ce1a592c048e8e5eb5830475f83585cb3a",
                "sha256:44f3ff8224d7cb998642400371c685005c8316b55e87794cbf1f6407b88ec424",
                "sha256:49c2f58559c1fbf4ba258e4b141578ccb0e83da3d4f823894f6171a8f0d594ed",
                "sha256:4d3135a1f8c76c3fff1ef8b7a51e4c6523748e9bdbd7bca6daa69790ce0e798a",
                "sha256:4f41252dfa1e8bb95f2ea51fba710827dde9820a535623d002a65621bafe7e3f",
                "sha256:5aeeb6659a7fe7760a78e449566553ae8c949ae29dd907a8eb4171fa0a274c16",
                "sha256:5afc34f0af0cec09a20b6bb09090054fac5169ab01909e01b06e7e0752ab0153",
                "sha256:5f057e5aa4c383fcf18560dcae2c5593e37e3fc941083a0a00a17f7cf25ee522",
                "sha256:72625dc949c6d08ba7ce7c37a33163bb498d90ca0d7e626db3cfbf486df4db1d",
                "sha256:7ea518d8eeb072c77c16977cdee3c59d9fffa750ed9c7c9c533ba520b6b08af7",
                "sha256:81510ffb1c31a3827c6be047b1926d81caf36dc734564ca0e14903d6bce60c6f",
                "sha256:845385caf99f8d941607791c60e560d24b4a35c70eef0b01c30cfde0b913ff92",
                "sha256:898874521a9be1f9dbc5b036a9755803287c2664e335afd3e10963f7f4ccb853",
                "sha256:8b1e7b63f47aafcdd8849933b206778747ef1802bd3d526aca45ed77141e4001",
                "sha256:9aead3f2eed90260136b201f398965900c5335c974bb7b47c381d98e39284018",
                "sha256:9de559462aaa68c40bb7625dcd587584b4eb85c4208528dc97b9ee7254945294",
                "sha256:9f48277de1daa83fd58a722b2e3423201b5eb39842227f32702fb78e4bba5a71",
                "sha256:9fd0691c4fe58b932674bb6a91d2808790e8269c3183ef16052f13e1c602ac00",
                "sha256:a4e35d89b6754941e82df1ce980a1c370943d3c076938d94ed1e48165dd6a11b",
                "sha256:ad230911d61f448c09886d3c92b2eae44ca7530babe9c48e74e02a0622ce2d34",
                "sha256:b812285d23b5644c643a6ae30553a772f935f47f61826660b108b8727936384b",
                "sha256:bf833c853a0568738ee5d88e1345c17bf3e8db626c36fb895327a35bb1827b0b",
                "sha256:c188ce4bf1544f2758e8b651f4349a0f3dc441e09d8ab7c4863db1ae8f084a32",
                "sha256:d8059084ce54b2c3d7b2c8bacd5f6490db849b2d2d6e7368c160b08504c87e73",
                "sha256:e72cdc97a49509ca2298350c2c3a0ac26bc8e943ce003a7d245df42e91439d5d",
                "sha256:eab18df58dcc8512f1b694f7218146828d7e3dd3f4e73bfd6942a11810293fd5",
                "sha256:ece424c83a575c2e0ba25815871458d3bbade46d76b7997236fb51a0251229ab",
                "sha256:ed80b40da839d60f4c03915bb3638e3c96ea8c30e689d0cc309b7597d82cc217",
                "sha256:fd5ee0f42d59a290c049f91894e0739f62c2908e7edc028ffb847a105e68bfc3",
                "sha256:fd6acd09d2a0fd3f616b18f977f399ed3dd95e2d6754f115837f026d19d62e10"
            ],
            "index": "pypi",
            "version": "==2.0.1"
        },
        "six": {
            "hashes": [
                "sha256:30639c035cdb23534cd4aa2dd52c3bf48f06e5f4a941509c8bafd8ce11080259",
                "sha256:8b74bedcbbbaca38ff6d7491d76f2b06b3592611af620f8426e82dddb04a5ced"
            ],
            "markers": "python_version >= '2.7' and python_version not in '3.0, 3.1, 3.2, 3.3'",
            "version": "==1.15.0"
        }
    },
    "develop": {}
}
